
Microsoft Visual Studio Solution File, Format Version 12.00
Project("{FAE04EC0-301F-11D3-BF4B-00C04F79EFBC}") = "StackUnderFlow", "StackUnderFlow\StackUnderFlow.csproj", "{00DD3035-83AE-4556-935B-3416D471E024}"
EndProject
Global
	GlobalSection(SolutionConfigurationPlatforms) = preSolution
		Debug|Any CPU = Debug|Any CPU
		Release|Any CPU = Release|Any CPU
	EndGlobalSection
	GlobalSection(ProjectConfigurationPlatforms) = postSolution
		{00DD3035-83AE-4556-935B-3416D471E024}.Debug|Any CPU.ActiveCfg = Debug|Any CPU
		{00DD3035-83AE-4556-935B-3416D471E024}.Debug|Any CPU.Build.0 = Debug|Any CPU
		{00DD3035-83AE-4556-935B-3416D471E024}.Release|Any CPU.ActiveCfg = Release|Any CPU
		{00DD3035-83AE-4556-935B-3416D471E024}.Release|Any CPU.Build.0 = Release|Any CPU
	EndGlobalSection
EndGlobal
